
Microsoft Visual Studio Solution File, Format Version 12.00
# Visual Studio 15
VisualStudioVersion = 15.0.28307.1062
MinimumVisualStudioVersion = 10.0.40219.1
Project("{8BC9CEB8-8B4A-11D0-8D11-00A0C91BC942}") = "MFCApplication7", "MFCApplication7.vcxproj", "{ED58ABDC-D630-4558-9A72-388CCCFB78E7}"
EndProject
Global
	GlobalSection(SolutionConfigurationPlatforms) = preSolution
		Debug|x64 = Debug|x64
		Debug|x86 = Debug|x86
		Release|x64 = Release|x64
		Release|x86 = Release|x86
	EndGlobalSection
	GlobalSection(ProjectConfigurationPlatforms) = postSolution
		{ED58ABDC-D630-4558-9A72-388CCCFB78E7}.Debug|x64.ActiveCfg = Debug|x64
		{ED58ABDC-D630-4558-9A72-388CCCFB78E7}.Debug|x64.Build.0 = Debug|x64
		{ED58ABDC-D630-4558-9A72-388CCCFB78E7}.Debug|x86.ActiveCfg = Debug|Win32
		{ED58ABDC-D630-4558-9A72-388CCCFB78E7}.Debug|x86.Build.0 = Debug|Win32
		{ED58ABDC-D630-4558-9A72-388CCCFB78E7}.Release|x64.ActiveCfg = Release|x64
		{ED58ABDC-D630-4558-9A72-388CCCFB78E7}.Release|x64.Build.0 = Release|x64
		{ED58ABDC-D630-4558-9A72-388CCCFB78E7}.Release|x86.ActiveCfg = Release|Win32
		{ED58ABDC-D630-4558-9A72-388CCCFB78E7}.Release|x86.Build.0 = Release|Win32
	EndGlobalSection
	GlobalSection(SolutionProperties) = preSolution
		HideSolutionNode = FALSE
	EndGlobalSection
	GlobalSection(ExtensibilityGlobals) = postSolution
		SolutionGuid = {84FE5DBB-7393-461F-AAEE-2CDDDE944AE7}
	EndGlobalSection
EndGlobal
