
Microsoft Visual Studio Solution File, Format Version 12.00
# Visual Studio 15
VisualStudioVersion = 15.0.28307.1062
MinimumVisualStudioVersion = 10.0.40219.1
Project("{8BC9CEB8-8B4A-11D0-8D11-00A0C91BC942}") = "shiyan3(3)", "shiyan3(3).vcxproj", "{F8B71904-EA16-45A3-9E2A-8FEC35AE7543}"
EndProject
Global
	GlobalSection(SolutionConfigurationPlatforms) = preSolution
		Debug|x64 = Debug|x64
		Debug|x86 = Debug|x86
		Release|x64 = Release|x64
		Release|x86 = Release|x86
	EndGlobalSection
	GlobalSection(ProjectConfigurationPlatforms) = postSolution
		{F8B71904-EA16-45A3-9E2A-8FEC35AE7543}.Debug|x64.ActiveCfg = Debug|x64
		{F8B71904-EA16-45A3-9E2A-8FEC35AE7543}.Debug|x64.Build.0 = Debug|x64
		{F8B71904-EA16-45A3-9E2A-8FEC35AE7543}.Debug|x86.ActiveCfg = Debug|Win32
		{F8B71904-EA16-45A3-9E2A-8FEC35AE7543}.Debug|x86.Build.0 = Debug|Win32
		{F8B71904-EA16-45A3-9E2A-8FEC35AE7543}.Release|x64.ActiveCfg = Release|x64
		{F8B71904-EA16-45A3-9E2A-8FEC35AE7543}.Release|x64.Build.0 = Release|x64
		{F8B71904-EA16-45A3-9E2A-8FEC35AE7543}.Release|x86.ActiveCfg = Release|Win32
		{F8B71904-EA16-45A3-9E2A-8FEC35AE7543}.Release|x86.Build.0 = Release|Win32
	EndGlobalSection
	GlobalSection(SolutionProperties) = preSolution
		HideSolutionNode = FALSE
	EndGlobalSection
	GlobalSection(ExtensibilityGlobals) = postSolution
		SolutionGuid = {85DF4AF3-6E73-443E-930E-82D884D71B85}
	EndGlobalSection
EndGlobal
